
Microsoft Visual Studio Solution File, Format Version 12.00
# Visual Studio Version 17
VisualStudioVersion = 17.9.34728.123
MinimumVisualStudioVersion = 10.0.40219.1
Project("{FAE04EC0-301F-11D3-BF4B-00C04F79EFBC}") = "HolaMundo", "HolaMundo\HolaMundo.csproj", "{C75BDD20-6776-4553-ACAE-80568314366C}"
EndProject
Global
	GlobalSection(SolutionConfigurationPlatforms) = preSolution
		Debug|Any CPU = Debug|Any CPU
		Release|Any CPU = Release|Any CPU
	EndGlobalSection
	GlobalSection(ProjectConfigurationPlatforms) = postSolution
		{C75BDD20-6776-4553-ACAE-80568314366C}.Debug|Any CPU.ActiveCfg = Debug|Any CPU
		{C75BDD20-6776-4553-ACAE-80568314366C}.Debug|Any CPU.Build.0 = Debug|Any CPU
		{C75BDD20-6776-4553-ACAE-80568314366C}.Release|Any CPU.ActiveCfg = Release|Any CPU
		{C75BDD20-6776-4553-ACAE-80568314366C}.Release|Any CPU.Build.0 = Release|Any CPU
	EndGlobalSection
	GlobalSection(SolutionProperties) = preSolution
		HideSolutionNode = FALSE
	EndGlobalSection
	GlobalSection(ExtensibilityGlobals) = postSolution
		SolutionGuid = {90537FC2-A59C-4C39-B672-359781825964}
	EndGlobalSection
EndGlobal
