
Microsoft Visual Studio Solution File, Format Version 12.00
# Visual Studio Version 17
VisualStudioVersion = 17.11.35219.272
MinimumVisualStudioVersion = 10.0.40219.1
Project("{FAE04EC0-301F-11D3-BF4B-00C04F79EFBC}") = "BucleWhile", "BucleWhile\BucleWhile.csproj", "{CA870F75-A0CB-49D5-8A0A-DB4AA17468F4}"
EndProject
Global
	GlobalSection(SolutionConfigurationPlatforms) = preSolution
		Debug|Any CPU = Debug|Any CPU
		Release|Any CPU = Release|Any CPU
	EndGlobalSection
	GlobalSection(ProjectConfigurationPlatforms) = postSolution
		{CA870F75-A0CB-49D5-8A0A-DB4AA17468F4}.Debug|Any CPU.ActiveCfg = Debug|Any CPU
		{CA870F75-A0CB-49D5-8A0A-DB4AA17468F4}.Debug|Any CPU.Build.0 = Debug|Any CPU
		{CA870F75-A0CB-49D5-8A0A-DB4AA17468F4}.Release|Any CPU.ActiveCfg = Release|Any CPU
		{CA870F75-A0CB-49D5-8A0A-DB4AA17468F4}.Release|Any CPU.Build.0 = Release|Any CPU
	EndGlobalSection
	GlobalSection(SolutionProperties) = preSolution
		HideSolutionNode = FALSE
	EndGlobalSection
	GlobalSection(ExtensibilityGlobals) = postSolution
		SolutionGuid = {5052BC13-5A5F-4A28-B306-77EB12251655}
	EndGlobalSection
EndGlobal
