
Microsoft Visual Studio Solution File, Format Version 12.00
# Visual Studio Version 17
VisualStudioVersion = 17.11.35219.272
MinimumVisualStudioVersion = 10.0.40219.1
Project("{FAE04EC0-301F-11D3-BF4B-00C04F79EFBC}") = "BuclesAnidados", "BuclesAnidados\BuclesAnidados.csproj", "{0ABEBF16-0F62-4331-AEF2-A442032FBEDE}"
EndProject
Global
	GlobalSection(SolutionConfigurationPlatforms) = preSolution
		Debug|Any CPU = Debug|Any CPU
		Release|Any CPU = Release|Any CPU
	EndGlobalSection
	GlobalSection(ProjectConfigurationPlatforms) = postSolution
		{0ABEBF16-0F62-4331-AEF2-A442032FBEDE}.Debug|Any CPU.ActiveCfg = Debug|Any CPU
		{0ABEBF16-0F62-4331-AEF2-A442032FBEDE}.Debug|Any CPU.Build.0 = Debug|Any CPU
		{0ABEBF16-0F62-4331-AEF2-A442032FBEDE}.Release|Any CPU.ActiveCfg = Release|Any CPU
		{0ABEBF16-0F62-4331-AEF2-A442032FBEDE}.Release|Any CPU.Build.0 = Release|Any CPU
	EndGlobalSection
	GlobalSection(SolutionProperties) = preSolution
		HideSolutionNode = FALSE
	EndGlobalSection
	GlobalSection(ExtensibilityGlobals) = postSolution
		SolutionGuid = {18D9B683-2D46-48B9-B512-6B074A9A533E}
	EndGlobalSection
EndGlobal
