
Microsoft Visual Studio Solution File, Format Version 12.00
# Visual Studio Version 17
VisualStudioVersion = 17.11.35219.272
MinimumVisualStudioVersion = 10.0.40219.1
Project("{FAE04EC0-301F-11D3-BF4B-00C04F79EFBC}") = "Saludo", "Saludo\Saludo.csproj", "{CCBDF48F-360E-41B3-871C-37585C9A9327}"
EndProject
Global
	GlobalSection(SolutionConfigurationPlatforms) = preSolution
		Debug|Any CPU = Debug|Any CPU
		Release|Any CPU = Release|Any CPU
	EndGlobalSection
	GlobalSection(ProjectConfigurationPlatforms) = postSolution
		{CCBDF48F-360E-41B3-871C-37585C9A9327}.Debug|Any CPU.ActiveCfg = Debug|Any CPU
		{CCBDF48F-360E-41B3-871C-37585C9A9327}.Debug|Any CPU.Build.0 = Debug|Any CPU
		{CCBDF48F-360E-41B3-871C-37585C9A9327}.Release|Any CPU.ActiveCfg = Release|Any CPU
		{CCBDF48F-360E-41B3-871C-37585C9A9327}.Release|Any CPU.Build.0 = Release|Any CPU
	EndGlobalSection
	GlobalSection(SolutionProperties) = preSolution
		HideSolutionNode = FALSE
	EndGlobalSection
	GlobalSection(ExtensibilityGlobals) = postSolution
		SolutionGuid = {6FB982AF-BBC9-4AAE-97B6-5EBCB82D64CC}
	EndGlobalSection
EndGlobal
