
Microsoft Visual Studio Solution File, Format Version 12.00
# Visual Studio Version 17
VisualStudioVersion = 17.9.34728.123
MinimumVisualStudioVersion = 10.0.40219.1
Project("{FAE04EC0-301F-11D3-BF4B-00C04F79EFBC}") = "HolaUam", "HolaUam\HolaUam.csproj", "{7C4BF32D-525B-45E7-9FDA-332C79695322}"
EndProject
Global
	GlobalSection(SolutionConfigurationPlatforms) = preSolution
		Debug|Any CPU = Debug|Any CPU
		Release|Any CPU = Release|Any CPU
	EndGlobalSection
	GlobalSection(ProjectConfigurationPlatforms) = postSolution
		{7C4BF32D-525B-45E7-9FDA-332C79695322}.Debug|Any CPU.ActiveCfg = Debug|Any CPU
		{7C4BF32D-525B-45E7-9FDA-332C79695322}.Debug|Any CPU.Build.0 = Debug|Any CPU
		{7C4BF32D-525B-45E7-9FDA-332C79695322}.Release|Any CPU.ActiveCfg = Release|Any CPU
		{7C4BF32D-525B-45E7-9FDA-332C79695322}.Release|Any CPU.Build.0 = Release|Any CPU
	EndGlobalSection
	GlobalSection(SolutionProperties) = preSolution
		HideSolutionNode = FALSE
	EndGlobalSection
	GlobalSection(ExtensibilityGlobals) = postSolution
		SolutionGuid = {56D65CFA-F5FC-4108-B15C-485EAAD89AF2}
	EndGlobalSection
EndGlobal
