
Microsoft Visual Studio Solution File, Format Version 12.00
# Visual Studio Version 17
VisualStudioVersion = 17.11.35219.272
MinimumVisualStudioVersion = 10.0.40219.1
Project("{FAE04EC0-301F-11D3-BF4B-00C04F79EFBC}") = "CalcularArea", "CalcularArea\CalcularArea.csproj", "{8951992C-21EF-4260-A25F-CDB191003B90}"
EndProject
Global
	GlobalSection(SolutionConfigurationPlatforms) = preSolution
		Debug|Any CPU = Debug|Any CPU
		Release|Any CPU = Release|Any CPU
	EndGlobalSection
	GlobalSection(ProjectConfigurationPlatforms) = postSolution
		{8951992C-21EF-4260-A25F-CDB191003B90}.Debug|Any CPU.ActiveCfg = Debug|Any CPU
		{8951992C-21EF-4260-A25F-CDB191003B90}.Debug|Any CPU.Build.0 = Debug|Any CPU
		{8951992C-21EF-4260-A25F-CDB191003B90}.Release|Any CPU.ActiveCfg = Release|Any CPU
		{8951992C-21EF-4260-A25F-CDB191003B90}.Release|Any CPU.Build.0 = Release|Any CPU
	EndGlobalSection
	GlobalSection(SolutionProperties) = preSolution
		HideSolutionNode = FALSE
	EndGlobalSection
	GlobalSection(ExtensibilityGlobals) = postSolution
		SolutionGuid = {350B4F50-BFB2-43D1-8D2E-89D9D36EE5D0}
	EndGlobalSection
EndGlobal
