
Microsoft Visual Studio Solution File, Format Version 12.00
# Visual Studio Version 17
VisualStudioVersion = 17.11.35219.272
MinimumVisualStudioVersion = 10.0.40219.1
Project("{FAE04EC0-301F-11D3-BF4B-00C04F79EFBC}") = "AumentarSalario", "AumentarSalario\AumentarSalario.csproj", "{721C85A0-0214-46D3-8293-C1542C2B267F}"
EndProject
Global
	GlobalSection(SolutionConfigurationPlatforms) = preSolution
		Debug|Any CPU = Debug|Any CPU
		Release|Any CPU = Release|Any CPU
	EndGlobalSection
	GlobalSection(ProjectConfigurationPlatforms) = postSolution
		{721C85A0-0214-46D3-8293-C1542C2B267F}.Debug|Any CPU.ActiveCfg = Debug|Any CPU
		{721C85A0-0214-46D3-8293-C1542C2B267F}.Debug|Any CPU.Build.0 = Debug|Any CPU
		{721C85A0-0214-46D3-8293-C1542C2B267F}.Release|Any CPU.ActiveCfg = Release|Any CPU
		{721C85A0-0214-46D3-8293-C1542C2B267F}.Release|Any CPU.Build.0 = Release|Any CPU
	EndGlobalSection
	GlobalSection(SolutionProperties) = preSolution
		HideSolutionNode = FALSE
	EndGlobalSection
	GlobalSection(ExtensibilityGlobals) = postSolution
		SolutionGuid = {EE846568-EF8E-40B3-8E8B-2DD14A10E39D}
	EndGlobalSection
EndGlobal
