
Microsoft Visual Studio Solution File, Format Version 12.00
# Visual Studio Version 17
VisualStudioVersion = 17.9.34728.123
MinimumVisualStudioVersion = 10.0.40219.1
Project("{FAE04EC0-301F-11D3-BF4B-00C04F79EFBC}") = "AreaCirculo", "AreaCirculo\AreaCirculo.csproj", "{A7503D50-ED81-4D9A-9E9F-7F07CCF06B58}"
EndProject
Global
	GlobalSection(SolutionConfigurationPlatforms) = preSolution
		Debug|Any CPU = Debug|Any CPU
		Release|Any CPU = Release|Any CPU
	EndGlobalSection
	GlobalSection(ProjectConfigurationPlatforms) = postSolution
		{A7503D50-ED81-4D9A-9E9F-7F07CCF06B58}.Debug|Any CPU.ActiveCfg = Debug|Any CPU
		{A7503D50-ED81-4D9A-9E9F-7F07CCF06B58}.Debug|Any CPU.Build.0 = Debug|Any CPU
		{A7503D50-ED81-4D9A-9E9F-7F07CCF06B58}.Release|Any CPU.ActiveCfg = Release|Any CPU
		{A7503D50-ED81-4D9A-9E9F-7F07CCF06B58}.Release|Any CPU.Build.0 = Release|Any CPU
	EndGlobalSection
	GlobalSection(SolutionProperties) = preSolution
		HideSolutionNode = FALSE
	EndGlobalSection
	GlobalSection(ExtensibilityGlobals) = postSolution
		SolutionGuid = {E7756FCB-27D8-4810-A4E3-ED863A742F5C}
	EndGlobalSection
EndGlobal
