
Microsoft Visual Studio Solution File, Format Version 12.00
# Visual Studio Version 17
VisualStudioVersion = 17.9.34728.123
MinimumVisualStudioVersion = 10.0.40219.1
Project("{FAE04EC0-301F-11D3-BF4B-00C04F79EFBC}") = "Ejercicio1", "Ejercicio1\Ejercicio1.csproj", "{52A4F769-0FBE-4C5C-8CB6-A157ED0329B8}"
EndProject
Global
	GlobalSection(SolutionConfigurationPlatforms) = preSolution
		Debug|Any CPU = Debug|Any CPU
		Release|Any CPU = Release|Any CPU
	EndGlobalSection
	GlobalSection(ProjectConfigurationPlatforms) = postSolution
		{52A4F769-0FBE-4C5C-8CB6-A157ED0329B8}.Debug|Any CPU.ActiveCfg = Debug|Any CPU
		{52A4F769-0FBE-4C5C-8CB6-A157ED0329B8}.Debug|Any CPU.Build.0 = Debug|Any CPU
		{52A4F769-0FBE-4C5C-8CB6-A157ED0329B8}.Release|Any CPU.ActiveCfg = Release|Any CPU
		{52A4F769-0FBE-4C5C-8CB6-A157ED0329B8}.Release|Any CPU.Build.0 = Release|Any CPU
	EndGlobalSection
	GlobalSection(SolutionProperties) = preSolution
		HideSolutionNode = FALSE
	EndGlobalSection
	GlobalSection(ExtensibilityGlobals) = postSolution
		SolutionGuid = {A8FE6252-510A-4724-8BBF-76BBC59DF404}
	EndGlobalSection
EndGlobal
